
Microsoft Visual Studio Solution File, Format Version 12.00
# Visual Studio Version 17
VisualStudioVersion = 17.11.35312.102
MinimumVisualStudioVersion = 10.0.40219.1
Project("{FAE04EC0-301F-11D3-BF4B-00C04F79EFBC}") = "BarberShop", "BarberShop\BarberShop.csproj", "{7FCB324D-F7E1-4E6C-90F7-8267DC086CE2}"
EndProject
Global
	GlobalSection(SolutionConfigurationPlatforms) = preSolution
		Debug|Any CPU = Debug|Any CPU
		Release|Any CPU = Release|Any CPU
	EndGlobalSection
	GlobalSection(ProjectConfigurationPlatforms) = postSolution
		{7FCB324D-F7E1-4E6C-90F7-8267DC086CE2}.Debug|Any CPU.ActiveCfg = Debug|Any CPU
		{7FCB324D-F7E1-4E6C-90F7-8267DC086CE2}.Debug|Any CPU.Build.0 = Debug|Any CPU
		{7FCB324D-F7E1-4E6C-90F7-8267DC086CE2}.Release|Any CPU.ActiveCfg = Release|Any CPU
		{7FCB324D-F7E1-4E6C-90F7-8267DC086CE2}.Release|Any CPU.Build.0 = Release|Any CPU
	EndGlobalSection
	GlobalSection(SolutionProperties) = preSolution
		HideSolutionNode = FALSE
	EndGlobalSection
	GlobalSection(ExtensibilityGlobals) = postSolution
		SolutionGuid = {E3F15034-9CD9-4AB0-B5EE-3F7AE96822C2}
	EndGlobalSection
EndGlobal
